
Microsoft Visual Studio Solution File, Format Version 12.00
# Visual Studio Version 17
VisualStudioVersion = 17.11.35312.102
MinimumVisualStudioVersion = 10.0.40219.1
Project("{9A19103F-16F7-4668-BE54-9A1E7A4F7556}") = "Library", "Library\Library.csproj", "{6B234258-19C5-4E0B-8681-6A169735D9D2}"
EndProject
Project("{FAE04EC0-301F-11D3-BF4B-00C04F79EFBC}") = "CodeFirstBasic", "CodeFirstBasic\CodeFirstBasic.csproj", "{0989F52F-C0E4-4AF2-B190-87042AD756D5}"
EndProject
Global
	GlobalSection(SolutionConfigurationPlatforms) = preSolution
		Debug|Any CPU = Debug|Any CPU
		Release|Any CPU = Release|Any CPU
	EndGlobalSection
	GlobalSection(ProjectConfigurationPlatforms) = postSolution
		{6B234258-19C5-4E0B-8681-6A169735D9D2}.Debug|Any CPU.ActiveCfg = Debug|Any CPU
		{6B234258-19C5-4E0B-8681-6A169735D9D2}.Debug|Any CPU.Build.0 = Debug|Any CPU
		{6B234258-19C5-4E0B-8681-6A169735D9D2}.Release|Any CPU.ActiveCfg = Release|Any CPU
		{6B234258-19C5-4E0B-8681-6A169735D9D2}.Release|Any CPU.Build.0 = Release|Any CPU
		{0989F52F-C0E4-4AF2-B190-87042AD756D5}.Debug|Any CPU.ActiveCfg = Debug|Any CPU
		{0989F52F-C0E4-4AF2-B190-87042AD756D5}.Debug|Any CPU.Build.0 = Debug|Any CPU
		{0989F52F-C0E4-4AF2-B190-87042AD756D5}.Release|Any CPU.ActiveCfg = Release|Any CPU
		{0989F52F-C0E4-4AF2-B190-87042AD756D5}.Release|Any CPU.Build.0 = Release|Any CPU
	EndGlobalSection
	GlobalSection(SolutionProperties) = preSolution
		HideSolutionNode = FALSE
	EndGlobalSection
	GlobalSection(ExtensibilityGlobals) = postSolution
		SolutionGuid = {23212D8E-711D-4CB3-9305-0799BC8AE728}
	EndGlobalSection
EndGlobal
